
Microsoft Visual Studio Solution File, Format Version 12.00
# Visual Studio Version 17
VisualStudioVersion = 17.14.36408.4 d17.14
MinimumVisualStudioVersion = 10.0.40219.1
Project("{FAE04EC0-301F-11D3-BF4B-00C04F79EFBC}") = "RetailInventory.Api", "RetailInventory.Api\RetailInventory.Api.csproj", "{72A40CD0-08D5-41E7-BA40-87C1AE842F34}"
EndProject
Global
	GlobalSection(SolutionConfigurationPlatforms) = preSolution
		Debug|Any CPU = Debug|Any CPU
		Release|Any CPU = Release|Any CPU
	EndGlobalSection
	GlobalSection(ProjectConfigurationPlatforms) = postSolution
		{72A40CD0-08D5-41E7-BA40-87C1AE842F34}.Debug|Any CPU.ActiveCfg = Debug|Any CPU
		{72A40CD0-08D5-41E7-BA40-87C1AE842F34}.Debug|Any CPU.Build.0 = Debug|Any CPU
		{72A40CD0-08D5-41E7-BA40-87C1AE842F34}.Release|Any CPU.ActiveCfg = Release|Any CPU
		{72A40CD0-08D5-41E7-BA40-87C1AE842F34}.Release|Any CPU.Build.0 = Release|Any CPU
	EndGlobalSection
	GlobalSection(SolutionProperties) = preSolution
		HideSolutionNode = FALSE
	EndGlobalSection
	GlobalSection(ExtensibilityGlobals) = postSolution
		SolutionGuid = {BED92447-0766-4598-BACF-638E36EFE827}
	EndGlobalSection
EndGlobal
