Microsoft Visual Studio Solution File, Format Version 12.00
# Visual Studio Version 17
VisualStudioVersion = 17.5.2.0
MinimumVisualStudioVersion = 10.0.40219.1
Project("{FAE04EC0-301F-11D3-BF4B-00C04F79EFBC}") = "RetailInventory.Api", "RetailInventory.Api.csproj", "{21FAFCC4-6574-C28E-2937-433107CB7189}"
EndProject
Global
	GlobalSection(SolutionConfigurationPlatforms) = preSolution
		Debug|Any CPU = Debug|Any CPU
		Release|Any CPU = Release|Any CPU
	EndGlobalSection
	GlobalSection(ProjectConfigurationPlatforms) = postSolution
		{21FAFCC4-6574-C28E-2937-433107CB7189}.Debug|Any CPU.ActiveCfg = Debug|Any CPU
		{21FAFCC4-6574-C28E-2937-433107CB7189}.Debug|Any CPU.Build.0 = Debug|Any CPU
		{21FAFCC4-6574-C28E-2937-433107CB7189}.Release|Any CPU.ActiveCfg = Release|Any CPU
		{21FAFCC4-6574-C28E-2937-433107CB7189}.Release|Any CPU.Build.0 = Release|Any CPU
	EndGlobalSection
	GlobalSection(SolutionProperties) = preSolution
		HideSolutionNode = FALSE
	EndGlobalSection
	GlobalSection(ExtensibilityGlobals) = postSolution
		SolutionGuid = {3F579A93-F6E6-4E53-B24A-C62C0DF46828}
	EndGlobalSection
EndGlobal
